
Microsoft Visual Studio Solution File, Format Version 12.00
# Visual Studio Version 17
VisualStudioVersion = 17.5.002.0
MinimumVisualStudioVersion = 10.0.40219.1
Project("{9A19103F-16F7-4668-BE54-9A1E7A4F7556}") = "Driving_License", "Driving_License.csproj", "{9C9DAF44-E4FD-482B-8FEF-8FBDEBCBA9F6}"
EndProject
Global
	GlobalSection(SolutionConfigurationPlatforms) = preSolution
		Debug|Any CPU = Debug|Any CPU
		Release|Any CPU = Release|Any CPU
	EndGlobalSection
	GlobalSection(ProjectConfigurationPlatforms) = postSolution
		{9C9DAF44-E4FD-482B-8FEF-8FBDEBCBA9F6}.Debug|Any CPU.ActiveCfg = Debug|Any CPU
		{9C9DAF44-E4FD-482B-8FEF-8FBDEBCBA9F6}.Debug|Any CPU.Build.0 = Debug|Any CPU
		{9C9DAF44-E4FD-482B-8FEF-8FBDEBCBA9F6}.Release|Any CPU.ActiveCfg = Release|Any CPU
		{9C9DAF44-E4FD-482B-8FEF-8FBDEBCBA9F6}.Release|Any CPU.Build.0 = Release|Any CPU
	EndGlobalSection
	GlobalSection(SolutionProperties) = preSolution
		HideSolutionNode = FALSE
	EndGlobalSection
	GlobalSection(ExtensibilityGlobals) = postSolution
		SolutionGuid = {5D748F6B-D5A8-473B-98AF-E838F5815023}
	EndGlobalSection
EndGlobal
